{
  "pins" : [
    {
      "identity" : "telematicssdk-ios-new-spm",
      "kind" : "remoteSourceControl",
      "location" : "https://github.com/Mobile-Telematics/telematicsSDK-iOS-new-SPM.git",
      "state" : {
        "revision" : "9aab3106e1a9313f358755e801275b7e0d717279",
        "version" : "7.2.0"
      }
    }
  ],
  "version" : 2
}
