{
  "pins" : [
    {
      "identity" : "telematicssdk-ios-new-spm",
      "kind" : "remoteSourceControl",
      "location" : "https://github.com/Mobile-Telematics/telematicsSDK-iOS-new-SPM.git",
      "state" : {
        "revision" : "eddb0ed1254af51c59384905f4e5bd80aa3fa488",
        "version" : "7.1.0"
      }
    }
  ],
  "version" : 2
}
